{
  "nodes": {
    "nixos-hardware": {
      "locked": {
        "lastModified": 1770882871,
        "narHash": "sha256-nw5g+xl3veea+maxJ2/81tMEA/rPq9aF1H5XF35X+OE=",
        "owner": "NixOS",
        "repo": "nixos-hardware",
        "rev": "af04cb78aa85b2a4d1c15fc7270347e0d0eda97b",
        "type": "github"
      },
      "original": {
        "owner": "NixOS",
        "ref": "master",
        "repo": "nixos-hardware",
        "type": "github"
      }
    },
    "nixpkgs": {
      "locked": {
        "lastModified": 1770841267,
        "narHash": "sha256-9xejG0KoqsoKEGp2kVbXRlEYtFFcDTHjidiuX8hGO44=",
        "owner": "NixOS",
        "repo": "nixpkgs",
        "rev": "ec7c70d12ce2fc37cb92aff673dcdca89d187bae",
        "type": "github"
      },
      "original": {
        "owner": "NixOS",
        "ref": "nixos-unstable",
        "repo": "nixpkgs",
        "type": "github"
      }
    },
    "root": {
      "inputs": {
        "nixos-hardware": "nixos-hardware",
        "nixpkgs": "nixpkgs",
        "silentSDDM": "silentSDDM",
        "terminaltexteffects": "terminaltexteffects"
      }
    },
    "silentSDDM": {
      "inputs": {
        "nixpkgs": [
          "nixpkgs"
        ]
      },
      "locked": {
        "lastModified": 1769900466,
        "narHash": "sha256-WeoJBj/PhqFCCJEIycTipqPbKm5BpQT2uzFTYcYZ30I=",
        "owner": "uiriansan",
        "repo": "SilentSDDM",
        "rev": "a44caf771b4cb72f5c2514f7d488455b0fa860d2",
        "type": "github"
      },
      "original": {
        "owner": "uiriansan",
        "repo": "SilentSDDM",
        "type": "github"
      }
    },
    "systems": {
      "locked": {
        "lastModified": 1681028828,
        "narHash": "sha256-Vy1rq5AaRuLzOxct8nz4T6wlgyUR7zLU309k9mBC768=",
        "owner": "nix-systems",
        "repo": "default",
        "rev": "da67096a3b9bf56a91d16901293e51ba5b49a27e",
        "type": "github"
      },
      "original": {
        "owner": "nix-systems",
        "repo": "default",
        "type": "github"
      }
    },
    "terminaltexteffects": {
      "inputs": {
        "nixpkgs": [
          "nixpkgs"
        ],
        "systems": "systems"
      },
      "locked": {
        "lastModified": 1768836258,
        "narHash": "sha256-b5k3u5HvHVMYG9qpnEXtJfp18FNfHAFcFwxWNwKHc4w=",
        "owner": "ChrisBuilds",
        "repo": "terminaltexteffects",
        "rev": "7760ef2d47a6ecd2b8087cf5a7970b52058eead5",
        "type": "github"
      },
      "original": {
        "owner": "ChrisBuilds",
        "repo": "terminaltexteffects",
        "type": "github"
      }
    }
  },
  "root": "root",
  "version": 7
}
